
Microsoft Visual Studio Solution File, Format Version 12.00
# Visual Studio Version 16
VisualStudioVersion = 16.0.30611.23
MinimumVisualStudioVersion = 10.0.40219.1
Project("{9A19103F-16F7-4668-BE54-9A1E7A4F7556}") = "Minesweeper", "Minesweeper\Minesweeper.csproj", "{61D39E0A-24F2-4528-A45A-54844095CAFB}"
EndProject
Project("{FAE04EC0-301F-11D3-BF4B-00C04F79EFBC}") = "MinesweeperTests", "MinesweeperTests\MinesweeperTests.csproj", "{2BF3E68A-337D-481A-A499-594654B0F9EF}"
EndProject
Global
	GlobalSection(SolutionConfigurationPlatforms) = preSolution
		Debug|Any CPU = Debug|Any CPU
		Release|Any CPU = Release|Any CPU
	EndGlobalSection
	GlobalSection(ProjectConfigurationPlatforms) = postSolution
		{61D39E0A-24F2-4528-A45A-54844095CAFB}.Debug|Any CPU.ActiveCfg = Debug|Any CPU
		{61D39E0A-24F2-4528-A45A-54844095CAFB}.Debug|Any CPU.Build.0 = Debug|Any CPU
		{61D39E0A-24F2-4528-A45A-54844095CAFB}.Release|Any CPU.ActiveCfg = Release|Any CPU
		{61D39E0A-24F2-4528-A45A-54844095CAFB}.Release|Any CPU.Build.0 = Release|Any CPU
		{2BF3E68A-337D-481A-A499-594654B0F9EF}.Debug|Any CPU.ActiveCfg = Debug|Any CPU
		{2BF3E68A-337D-481A-A499-594654B0F9EF}.Debug|Any CPU.Build.0 = Debug|Any CPU
		{2BF3E68A-337D-481A-A499-594654B0F9EF}.Release|Any CPU.ActiveCfg = Release|Any CPU
		{2BF3E68A-337D-481A-A499-594654B0F9EF}.Release|Any CPU.Build.0 = Release|Any CPU
	EndGlobalSection
	GlobalSection(SolutionProperties) = preSolution
		HideSolutionNode = FALSE
	EndGlobalSection
	GlobalSection(ExtensibilityGlobals) = postSolution
		SolutionGuid = {0F211484-878D-4FAE-B0EA-B3264F9D8620}
	EndGlobalSection
EndGlobal
